
Microsoft Visual Studio Solution File, Format Version 12.00
# Visual Studio Version 17
VisualStudioVersion = 17.11.35327.3
MinimumVisualStudioVersion = 10.0.40219.1
Project("{FAE04EC0-301F-11D3-BF4B-00C04F79EFBC}") = "HomeWork-10", "HomeWork-10\HomeWork-10.csproj", "{B467BFB3-8614-4076-9B4E-9972C49B4779}"
EndProject
Global
	GlobalSection(SolutionConfigurationPlatforms) = preSolution
		Debug|Any CPU = Debug|Any CPU
		Release|Any CPU = Release|Any CPU
	EndGlobalSection
	GlobalSection(ProjectConfigurationPlatforms) = postSolution
		{B467BFB3-8614-4076-9B4E-9972C49B4779}.Debug|Any CPU.ActiveCfg = Debug|Any CPU
		{B467BFB3-8614-4076-9B4E-9972C49B4779}.Debug|Any CPU.Build.0 = Debug|Any CPU
		{B467BFB3-8614-4076-9B4E-9972C49B4779}.Release|Any CPU.ActiveCfg = Release|Any CPU
		{B467BFB3-8614-4076-9B4E-9972C49B4779}.Release|Any CPU.Build.0 = Release|Any CPU
	EndGlobalSection
	GlobalSection(SolutionProperties) = preSolution
		HideSolutionNode = FALSE
	EndGlobalSection
	GlobalSection(ExtensibilityGlobals) = postSolution
		SolutionGuid = {7918C322-5283-47ED-9368-E29875AF3EE4}
	EndGlobalSection
EndGlobal
